
Microsoft Visual Studio Solution File, Format Version 12.00
# Visual Studio Version 16
VisualStudioVersion = 16.0.29905.134
MinimumVisualStudioVersion = 10.0.40219.1
Project("{FAE04EC0-301F-11D3-BF4B-00C04F79EFBC}") = "eShopSolution.WebCoreApp", "eShopSolution.WebCoreApp\eShopSolution.WebCoreApp.csproj", "{2A3DEBEF-EA56-4904-8ADF-8A998AF0F9D9}"
EndProject
Global
	GlobalSection(SolutionConfigurationPlatforms) = preSolution
		Debug|Any CPU = Debug|Any CPU
		Release|Any CPU = Release|Any CPU
	EndGlobalSection
	GlobalSection(ProjectConfigurationPlatforms) = postSolution
		{2A3DEBEF-EA56-4904-8ADF-8A998AF0F9D9}.Debug|Any CPU.ActiveCfg = Debug|Any CPU
		{2A3DEBEF-EA56-4904-8ADF-8A998AF0F9D9}.Debug|Any CPU.Build.0 = Debug|Any CPU
		{2A3DEBEF-EA56-4904-8ADF-8A998AF0F9D9}.Release|Any CPU.ActiveCfg = Release|Any CPU
		{2A3DEBEF-EA56-4904-8ADF-8A998AF0F9D9}.Release|Any CPU.Build.0 = Release|Any CPU
	EndGlobalSection
	GlobalSection(SolutionProperties) = preSolution
		HideSolutionNode = FALSE
	EndGlobalSection
	GlobalSection(ExtensibilityGlobals) = postSolution
		SolutionGuid = {D75B28C7-C5F1-45EA-9646-A48E5C3F437F}
	EndGlobalSection
EndGlobal
